# THIS IS AN AUTOGENERATED FILE. DO NOT EDIT THIS FILE DIRECTLY.
# yarn lockfile v1


"@hotwired/stimulus@^3.2.2":
  version "3.2.2"
  resolved "https://registry.yarnpkg.com/@hotwired/stimulus/-/stimulus-3.2.2.tgz#071aab59c600fed95b97939e605ff261a4251608"
  integrity sha512-eGeIqNOQpXoPAIP7tC1+1Yc1yl1xnwYqg+3mzqxyrbE5pg5YFBZcA6YoTiByJB6DKAEsiWtl6tjTJS4IYtbB7A==

"@rails/actiontext@^7.2.200":
  version "7.2.200"
  resolved "https://registry.yarnpkg.com/@rails/actiontext/-/actiontext-7.2.200.tgz#7074cd3fab61689bfaa5c6198c793eed9c08e07a"
  integrity sha512-VnuizRllfkTZVKDkPpnhEL9Yb15T8j23Awx4NFfRPF+60bptA+50o3htAo28MA5I12ACTXDBxTNkLm36SiVuOw==
  dependencies:
    "@rails/activestorage" ">= 7.2.0-alpha"

"@rails/activestorage@>= 7.2.0-alpha":
  version "7.2.200"
  resolved "https://registry.yarnpkg.com/@rails/activestorage/-/activestorage-7.2.200.tgz#087ff24e675f56b7abc19d29690876dd0f21df95"
  integrity sha512-NJX7T1Z4LuoNLGGVOoMiEK24BXkpH5QNLYOTD1Ll3IzYu5eMs/mbDL+azJGsTig6WV20O16Pdkj9Fgl9Mo5qxA==
  dependencies:
    spark-md5 "^3.0.1"

spark-md5@^3.0.1:
  version "3.0.2"
  resolved "https://registry.yarnpkg.com/spark-md5/-/spark-md5-3.0.2.tgz#7952c4a30784347abcee73268e473b9c0167e3fc"
  integrity sha512-wcFzz9cDfbuqe0FZzfi2or1sgyIrsDwmPwfZC4hiNidPdPINjeUwNfv5kldczoEAcjl9Y1L3SM7Uz2PUEQzxQw==

trix@^2.1.8:
  version "2.1.8"
  resolved "https://registry.yarnpkg.com/trix/-/trix-2.1.8.tgz#b9383af8cd9c1a0a0818d6b4e0c9e771bf7fd564"
  integrity sha512-y1h5mKQcjMsZDsUOqOgyIUfw+Z31u4Fe9JqXtKGUzIC7FM9cTpxZFFWxQggwXBo18ccIKYx1Fn9toVO5mCpn9g==
